
Microsoft Visual Studio Solution File, Format Version 12.00
# Visual Studio Version 16
VisualStudioVersion = 16.0.30114.105
MinimumVisualStudioVersion = 10.0.40219.1
Project("{2150E333-8FDC-42A3-9474-1A3956D46DE8}") = "01-domain", "01-domain", "{1C676820-07AA-43D8-B2BA-1192C21BDAFE}"
EndProject
Project("{FAE04EC0-301F-11D3-BF4B-00C04F79EFBC}") = "Expenses.Domain", "01-domain\Expenses.Domain\Expenses.Domain.csproj", "{8D8F166E-522A-4969-97DD-F959428C3F73}"
EndProject
Global
	GlobalSection(SolutionConfigurationPlatforms) = preSolution
		Debug|Any CPU = Debug|Any CPU
		Release|Any CPU = Release|Any CPU
	EndGlobalSection
	GlobalSection(SolutionProperties) = preSolution
		HideSolutionNode = FALSE
	EndGlobalSection
	GlobalSection(ProjectConfigurationPlatforms) = postSolution
		{8D8F166E-522A-4969-97DD-F959428C3F73}.Debug|Any CPU.ActiveCfg = Debug|Any CPU
		{8D8F166E-522A-4969-97DD-F959428C3F73}.Debug|Any CPU.Build.0 = Debug|Any CPU
		{8D8F166E-522A-4969-97DD-F959428C3F73}.Release|Any CPU.ActiveCfg = Release|Any CPU
		{8D8F166E-522A-4969-97DD-F959428C3F73}.Release|Any CPU.Build.0 = Release|Any CPU
	EndGlobalSection
	GlobalSection(NestedProjects) = preSolution
		{8D8F166E-522A-4969-97DD-F959428C3F73} = {1C676820-07AA-43D8-B2BA-1192C21BDAFE}
	EndGlobalSection
EndGlobal
